
Microsoft Visual Studio Solution File, Format Version 12.00
# Visual Studio Version 17
VisualStudioVersion = 17.3.32901.215
MinimumVisualStudioVersion = 10.0.40219.1
Project("{FAE04EC0-301F-11D3-BF4B-00C04F79EFBC}") = "Examen1GuillermoGaitan", "Examen1GuillermoGaitan.csproj", "{34566F5E-203B-4F32-B4FA-086C0C6B9DD1}"
EndProject
Global
	GlobalSection(SolutionConfigurationPlatforms) = preSolution
		Debug|Any CPU = Debug|Any CPU
		Release|Any CPU = Release|Any CPU
	EndGlobalSection
	GlobalSection(ProjectConfigurationPlatforms) = postSolution
		{34566F5E-203B-4F32-B4FA-086C0C6B9DD1}.Debug|Any CPU.ActiveCfg = Debug|Any CPU
		{34566F5E-203B-4F32-B4FA-086C0C6B9DD1}.Debug|Any CPU.Build.0 = Debug|Any CPU
		{34566F5E-203B-4F32-B4FA-086C0C6B9DD1}.Release|Any CPU.ActiveCfg = Release|Any CPU
		{34566F5E-203B-4F32-B4FA-086C0C6B9DD1}.Release|Any CPU.Build.0 = Release|Any CPU
	EndGlobalSection
	GlobalSection(SolutionProperties) = preSolution
		HideSolutionNode = FALSE
	EndGlobalSection
	GlobalSection(ExtensibilityGlobals) = postSolution
		SolutionGuid = {08C91F42-08B3-4F04-987F-8AD0C49237D8}
	EndGlobalSection
EndGlobal
